<?xml version="1.0" encoding="utf-8"?>
<Project ToolsVersion="4.0" xmlns="http://schemas.microsoft.com/developer/msbuild/2003">
  <ItemGroup>
    <Filter Include="asm">
      <UniqueIdentifier>{71cfdfc5-9634-4f73-895d-e49454d9bc5f}</UniqueIdentifier>
    </Filter>
    <Filter Include="asm\x86_64">
      <UniqueIdentifier>{7fc2e645-5f66-49c2-af82-386066b98e82}</UniqueIdentifier>
    </Filter>
    <Filter Include="asm\x86_64\alderlake">
      <UniqueIdentifier>{08302abd-828d-4dd0-bf45-410adba9a5f2}</UniqueIdentifier>
    </Filter>
    <Filter Include="asm\x86_64\core2">
      <UniqueIdentifier>{22571dc2-dc55-4c06-8514-868d5ee35c77}</UniqueIdentifier>
    </Filter>
    <Filter Include="asm\x86_64\k8">
      <UniqueIdentifier>{f15c4d68-c64a-4964-8847-1536935af526}</UniqueIdentifier>
    </Filter>
    <Filter Include="numetron">
      <UniqueIdentifier>{285e76e7-c408-4600-9780-78f6919ad143}</UniqueIdentifier>
    </Filter>
    <Filter Include="numetron\detail">
      <UniqueIdentifier>{17cd1a09-91fc-4d4f-b610-8283959b025f}</UniqueIdentifier>
    </Filter>
    <Filter Include="numetron\config">
      <UniqueIdentifier>{b2ca48de-ea29-43e8-b9dc-b9309833db46}</UniqueIdentifier>
    </Filter>
    <Filter Include="numetron\limb_arithmetic">
      <UniqueIdentifier>{3ec5867c-89ec-47af-9b0d-840d52cc4fa8}</UniqueIdentifier>
    </Filter>
  </ItemGroup>
  <ItemGroup>
    <MASM Include="..\src\arch\x86_64\k8\mul_basecase.asm">
      <Filter>asm\x86_64\k8</Filter>
    </MASM>
    <MASM Include="..\src\arch\x86_64\core2\mul_basecase.asm">
      <Filter>asm\x86_64\core2</Filter>
    </MASM>
    <MASM Include="..\src\arch\x86_64\detect_platform.asm">
      <Filter>asm\x86_64</Filter>
    </MASM>
    <MASM Include="..\src\arch\x86_64\detect_mul_basecase.asm">
      <Filter>asm\x86_64</Filter>
    </MASM>
    <MASM Include="..\src\arch\x86_64\alderlake\mul_basecase.asm">
      <Filter>asm\x86_64\alderlake</Filter>
    </MASM>
  </ItemGroup>
  <ItemGroup>
    <None Include="..\src\arch\x86_64\alderlake\mul_basecase.s">
      <Filter>asm\x86_64\alderlake</Filter>
    </None>
    <None Include="..\src\arch\x86_64\core2\mul_basecase.s">
      <Filter>asm\x86_64\core2</Filter>
    </None>
    <None Include="..\src\arch\x86_64\k8\mul_basecase.s">
      <Filter>asm\x86_64\k8</Filter>
    </None>
    <None Include="..\src\arch\x86_64\detect_platform.s">
      <Filter>asm\x86_64</Filter>
    </None>
    <None Include="..\src\arch\x86_64\detect_mul_basecase.s">
      <Filter>asm\x86_64</Filter>
    </None>
    <None Include="..\src\arch\README.md">
      <Filter>asm</Filter>
    </None>
    <None Include="..\README.md" />
    <None Include="..\THIRD_PARTY_LICENSES.md" />
  </ItemGroup>
  <ItemGroup>
    <ClInclude Include="..\include\numetron\arithmetic.hpp">
      <Filter>numetron</Filter>
    </ClInclude>
    <ClInclude Include="..\include\numetron\basic_decimal.hpp">
      <Filter>numetron</Filter>
    </ClInclude>
    <ClInclude Include="..\include\numetron\basic_integer.hpp">
      <Filter>numetron</Filter>
    </ClInclude>
    <ClInclude Include="..\include\numetron\ct.hpp">
      <Filter>numetron</Filter>
    </ClInclude>
    <ClInclude Include="..\include\numetron\decimal_arithmetic.hpp">
      <Filter>numetron</Filter>
    </ClInclude>
    <ClInclude Include="..\include\numetron\decimal_view.hpp">
      <Filter>numetron</Filter>
    </ClInclude>
    <ClInclude Include="..\include\numetron\float16.hpp">
      <Filter>numetron</Filter>
    </ClInclude>
    <ClInclude Include="..\include\numetron\integer_view.hpp">
      <Filter>numetron</Filter>
    </ClInclude>
    <ClInclude Include="..\include\numetron\integer_view_arithmetic.hpp">
      <Filter>numetron</Filter>
    </ClInclude>
    <ClInclude Include="..\include\numetron\limb_arithmetic.hpp">
      <Filter>numetron</Filter>
    </ClInclude>
    <ClInclude Include="..\include\numetron\limbs_from_decimal_string.hpp">
      <Filter>numetron</Filter>
    </ClInclude>
    <ClInclude Include="..\include\numetron\limbs_from_integral.hpp">
      <Filter>numetron</Filter>
    </ClInclude>
    <ClInclude Include="..\include\numetron\limbs_from_string.hpp">
      <Filter>numetron</Filter>
    </ClInclude>
    <ClInclude Include="..\include\numetron\limbs_to_string.hpp">
      <Filter>numetron</Filter>
    </ClInclude>
    <ClInclude Include="..\include\numetron\config\cmath.hpp">
      <Filter>numetron\config</Filter>
    </ClInclude>
    <ClInclude Include="..\include\numetron\detail\hash.hpp">
      <Filter>numetron\detail</Filter>
    </ClInclude>
    <ClInclude Include="..\include\numetron\detail\scope_exit.hpp">
      <Filter>numetron\detail</Filter>
    </ClInclude>
    <ClInclude Include="..\include\numetron\detail\small_array.hpp">
      <Filter>numetron\detail</Filter>
    </ClInclude>
    <ClInclude Include="..\include\numetron\limb_arithmetic\udiv.hpp">
      <Filter>numetron\limb_arithmetic</Filter>
    </ClInclude>
    <ClInclude Include="..\include\numetron\limb_arithmetic\udivby1.hpp">
      <Filter>numetron\limb_arithmetic</Filter>
    </ClInclude>
    <ClInclude Include="..\include\numetron\config\start_lifetime.hpp">
      <Filter>numetron\config</Filter>
    </ClInclude>
  </ItemGroup>
</Project>