<?xml version="1.0" encoding="utf-8"?>
<Project ToolsVersion="4.0" xmlns="http://schemas.microsoft.com/developer/msbuild/2003">
  <ItemGroup>
    <Filter Include="numetron">
      <UniqueIdentifier>{68bd3990-82a5-4610-899c-5b7542b91195}</UniqueIdentifier>
    </Filter>
    <Filter Include="tests">
      <UniqueIdentifier>{0743de61-ca3b-43bf-9135-a118a9326e8f}</UniqueIdentifier>
    </Filter>
    <Filter Include="numetron\config">
      <UniqueIdentifier>{508da99c-58db-4a80-8a36-c8b05916688c}</UniqueIdentifier>
    </Filter>
    <Filter Include="numetron\detail">
      <UniqueIdentifier>{53b3e146-9f61-49f9-b0c8-2d11d67e1dd5}</UniqueIdentifier>
    </Filter>
    <Filter Include="examples">
      <UniqueIdentifier>{41850645-fcb1-4d26-987e-2418844899bc}</UniqueIdentifier>
    </Filter>
    <Filter Include="tools">
      <UniqueIdentifier>{325e5afd-3cd5-452e-8e82-5d3b25f7272e}</UniqueIdentifier>
    </Filter>
    <Filter Include="numetron\limb_arithmetic">
      <UniqueIdentifier>{6c225169-d0e0-4457-9645-34c961c1eb9d}</UniqueIdentifier>
    </Filter>
    <Filter Include="numetron\external">
      <UniqueIdentifier>{522b1bc1-145e-4348-8cd8-8e449c503c00}</UniqueIdentifier>
    </Filter>
  </ItemGroup>
  <ItemGroup>
    <ClInclude Include="..\include\numetron\arithmetic.hpp">
      <Filter>numetron</Filter>
    </ClInclude>
    <ClInclude Include="..\include\numetron\basic_decimal.hpp">
      <Filter>numetron</Filter>
    </ClInclude>
    <ClInclude Include="..\include\numetron\basic_integer.hpp">
      <Filter>numetron</Filter>
    </ClInclude>
    <ClInclude Include="..\include\numetron\ct.hpp">
      <Filter>numetron</Filter>
    </ClInclude>
    <ClInclude Include="..\include\numetron\decimal_arithmetic.hpp">
      <Filter>numetron</Filter>
    </ClInclude>
    <ClInclude Include="..\include\numetron\decimal_view.hpp">
      <Filter>numetron</Filter>
    </ClInclude>
    <ClInclude Include="..\include\numetron\integer_view.hpp">
      <Filter>numetron</Filter>
    </ClInclude>
    <ClInclude Include="..\include\numetron\integer_view_arithmetic.hpp">
      <Filter>numetron</Filter>
    </ClInclude>
    <ClInclude Include="..\include\numetron\limb_arithmetic.hpp">
      <Filter>numetron</Filter>
    </ClInclude>
    <ClInclude Include="..\include\numetron\limbs_from_decimal_string.hpp">
      <Filter>numetron</Filter>
    </ClInclude>
    <ClInclude Include="..\include\numetron\limbs_from_integral.hpp">
      <Filter>numetron</Filter>
    </ClInclude>
    <ClInclude Include="..\include\numetron\limbs_from_string.hpp">
      <Filter>numetron</Filter>
    </ClInclude>
    <ClInclude Include="..\include\numetron\limbs_to_string.hpp">
      <Filter>numetron</Filter>
    </ClInclude>
    <ClInclude Include="..\include\numetron\config\cmath.hpp">
      <Filter>numetron\config</Filter>
    </ClInclude>
    <ClInclude Include="..\tests\test_common.hpp">
      <Filter>tests</Filter>
    </ClInclude>
    <ClInclude Include="..\include\numetron\detail\small_array.hpp">
      <Filter>numetron\detail</Filter>
    </ClInclude>
    <ClInclude Include="..\include\numetron\detail\hash.hpp">
      <Filter>numetron\detail</Filter>
    </ClInclude>
    <ClInclude Include="..\include\numetron\detail\scope_exit.hpp">
      <Filter>numetron\detail</Filter>
    </ClInclude>
    <ClInclude Include="..\include\numetron\float16.hpp">
      <Filter>numetron</Filter>
    </ClInclude>
    <ClInclude Include="..\include\numetron\limb_arithmetic\udiv.hpp">
      <Filter>numetron\limb_arithmetic</Filter>
    </ClInclude>
    <ClInclude Include="..\include\numetron\limb_arithmetic\udivby1.hpp">
      <Filter>numetron\limb_arithmetic</Filter>
    </ClInclude>
    <ClInclude Include="..\include\numetron\config\start_lifetime.hpp">
      <Filter>numetron\config</Filter>
    </ClInclude>
    <ClInclude Include="..\include\numetron\external\dragonbox.h">
      <Filter>numetron\external</Filter>
    </ClInclude>
  </ItemGroup>
  <ItemGroup>
    <ClCompile Include="..\tests\basic_decimal_test.cpp">
      <Filter>tests</Filter>
    </ClCompile>
    <ClCompile Include="..\tests\basic_integer_test.cpp">
      <Filter>tests</Filter>
    </ClCompile>
    <ClCompile Include="..\tests\mp_test.cpp">
      <Filter>tests</Filter>
    </ClCompile>
    <ClCompile Include="..\tests\number_test.cpp">
      <Filter>tests</Filter>
    </ClCompile>
    <ClCompile Include="..\tests\tests.cpp">
      <Filter>tests</Filter>
    </ClCompile>
    <ClCompile Include="..\tests\ct_test.cpp">
      <Filter>tests</Filter>
    </ClCompile>
    <ClCompile Include="..\tests\mul_test.cpp">
      <Filter>tests</Filter>
    </ClCompile>
    <ClCompile Include="..\tests\mpn_mul_test.cpp">
      <Filter>tests</Filter>
    </ClCompile>
    <ClCompile Include="..\tests\float16_test.cpp">
      <Filter>tests</Filter>
    </ClCompile>
  </ItemGroup>
  <ItemGroup>
    <Natvis Include="numetron.natvis" />
  </ItemGroup>
  <ItemGroup>
    <None Include="..\README.md" />
    <None Include="..\THIRD_PARTY_LICENSES.md" />
  </ItemGroup>
</Project>